# THIS IS AN AUTOGENERATED FILE. DO NOT EDIT THIS FILE DIRECTLY.
# yarn lockfile v1


dotenv@^6.2.0:
  version "6.2.0"
  resolved "https://registry.yarnpkg.com/dotenv/-/dotenv-6.2.0.tgz#941c0410535d942c8becf28d3f357dbd9d476064"
  integrity sha512-HygQCKUBSFl8wKQZBSemMywRWcEDNidvNbjGVyZu3nbZ8qq9ubiPoGLMdRDpfSrpkkm9BXYFkpKxxFX38o/76w==

truffle-hdwallet-provider@^1.0.0-web3one.4:
  version "1.0.0-web3one.4"
  resolved "https://registry.yarnpkg.com/truffle-hdwallet-provider/-/truffle-hdwallet-provider-1.0.0-web3one.4.tgz#ac9bb8bd33219629022d70561c38e31590c031b4"
  integrity sha512-YUGkj5B9SUjSggh2Bb3JHPJ2JApvED1lUKhOprTfd86mn5rkZt7vPwKc5KrVCaMIgaTsGDsq2547fPr/vlCnKA==
